
Microsoft Visual Studio Solution File, Format Version 12.00
# Visual Studio Version 16
VisualStudioVersion = 16.0.30907.101
MinimumVisualStudioVersion = 10.0.40219.1
Project("{FAE04EC0-301F-11D3-BF4B-00C04F79EFBC}") = "ConsoleApp1", "ConsoleApp1\ConsoleApp1.csproj", "{BFA147FA-2B8F-439B-BB54-F72458204472}"
EndProject
Global
	GlobalSection(SolutionConfigurationPlatforms) = preSolution
		Debug|Any CPU = Debug|Any CPU
		Release|Any CPU = Release|Any CPU
	EndGlobalSection
	GlobalSection(ProjectConfigurationPlatforms) = postSolution
		{BFA147FA-2B8F-439B-BB54-F72458204472}.Debug|Any CPU.ActiveCfg = Debug|Any CPU
		{BFA147FA-2B8F-439B-BB54-F72458204472}.Debug|Any CPU.Build.0 = Debug|Any CPU
		{BFA147FA-2B8F-439B-BB54-F72458204472}.Release|Any CPU.ActiveCfg = Release|Any CPU
		{BFA147FA-2B8F-439B-BB54-F72458204472}.Release|Any CPU.Build.0 = Release|Any CPU
	EndGlobalSection
	GlobalSection(SolutionProperties) = preSolution
		HideSolutionNode = FALSE
	EndGlobalSection
	GlobalSection(ExtensibilityGlobals) = postSolution
		SolutionGuid = {B7851731-084C-4F32-B04C-C23F4E2E1ADB}
	EndGlobalSection
EndGlobal
