
Microsoft Visual Studio Solution File, Format Version 12.00
# Visual Studio Version 16
VisualStudioVersion = 16.0.30907.101
MinimumVisualStudioVersion = 10.0.40219.1
Project("{9A19103F-16F7-4668-BE54-9A1E7A4F7556}") = "OOP1", "OOP1\OOP1.csproj", "{6B120244-1F15-42BC-9A86-EE973AAF2DFC}"
EndProject
Project("{9A19103F-16F7-4668-BE54-9A1E7A4F7556}") = "ClassMetotDemo", "ClassMetotDemo\ClassMetotDemo.csproj", "{9EF940D7-28E7-4B45-AE32-410F0EC0DE3F}"
EndProject
Project("{9A19103F-16F7-4668-BE54-9A1E7A4F7556}") = "Collections", "Collections\Collections.csproj", "{E1301018-399A-4247-80E9-B3577C7C9F1C}"
EndProject
Project("{9A19103F-16F7-4668-BE54-9A1E7A4F7556}") = "GenericIntro", "GenericIntro\GenericIntro.csproj", "{41913FF3-E7D7-4BCE-B286-7D0880B1D831}"
EndProject
Project("{9A19103F-16F7-4668-BE54-9A1E7A4F7556}") = "MyDictionary", "MyDictionary\MyDictionary.csproj", "{DE60D9E9-5B08-4F9F-91A2-12A2A5678F12}"
EndProject
Project("{9A19103F-16F7-4668-BE54-9A1E7A4F7556}") = "OOP2", "OOP2\OOP2.csproj", "{407B3AD6-77E4-4B34-9DC6-E7DF68803B87}"
EndProject
Project("{9A19103F-16F7-4668-BE54-9A1E7A4F7556}") = "OOP3_Kredi", "OOP3\OOP3_Kredi.csproj", "{389B6EBE-3AB5-4A47-98B0-8BD31314E949}"
EndProject
Project("{FAE04EC0-301F-11D3-BF4B-00C04F79EFBC}") = "Game", "Game\Game.csproj", "{BB9E9B72-3E9D-4E61-A5F9-62BFBC1A6AF5}"
EndProject
Global
	GlobalSection(SolutionConfigurationPlatforms) = preSolution
		Debug|Any CPU = Debug|Any CPU
		Release|Any CPU = Release|Any CPU
	EndGlobalSection
	GlobalSection(ProjectConfigurationPlatforms) = postSolution
		{6B120244-1F15-42BC-9A86-EE973AAF2DFC}.Debug|Any CPU.ActiveCfg = Debug|Any CPU
		{6B120244-1F15-42BC-9A86-EE973AAF2DFC}.Debug|Any CPU.Build.0 = Debug|Any CPU
		{6B120244-1F15-42BC-9A86-EE973AAF2DFC}.Release|Any CPU.ActiveCfg = Release|Any CPU
		{6B120244-1F15-42BC-9A86-EE973AAF2DFC}.Release|Any CPU.Build.0 = Release|Any CPU
		{9EF940D7-28E7-4B45-AE32-410F0EC0DE3F}.Debug|Any CPU.ActiveCfg = Debug|Any CPU
		{9EF940D7-28E7-4B45-AE32-410F0EC0DE3F}.Debug|Any CPU.Build.0 = Debug|Any CPU
		{9EF940D7-28E7-4B45-AE32-410F0EC0DE3F}.Release|Any CPU.ActiveCfg = Release|Any CPU
		{9EF940D7-28E7-4B45-AE32-410F0EC0DE3F}.Release|Any CPU.Build.0 = Release|Any CPU
		{E1301018-399A-4247-80E9-B3577C7C9F1C}.Debug|Any CPU.ActiveCfg = Debug|Any CPU
		{E1301018-399A-4247-80E9-B3577C7C9F1C}.Debug|Any CPU.Build.0 = Debug|Any CPU
		{E1301018-399A-4247-80E9-B3577C7C9F1C}.Release|Any CPU.ActiveCfg = Release|Any CPU
		{E1301018-399A-4247-80E9-B3577C7C9F1C}.Release|Any CPU.Build.0 = Release|Any CPU
		{41913FF3-E7D7-4BCE-B286-7D0880B1D831}.Debug|Any CPU.ActiveCfg = Debug|Any CPU
		{41913FF3-E7D7-4BCE-B286-7D0880B1D831}.Debug|Any CPU.Build.0 = Debug|Any CPU
		{41913FF3-E7D7-4BCE-B286-7D0880B1D831}.Release|Any CPU.ActiveCfg = Release|Any CPU
		{41913FF3-E7D7-4BCE-B286-7D0880B1D831}.Release|Any CPU.Build.0 = Release|Any CPU
		{DE60D9E9-5B08-4F9F-91A2-12A2A5678F12}.Debug|Any CPU.ActiveCfg = Debug|Any CPU
		{DE60D9E9-5B08-4F9F-91A2-12A2A5678F12}.Debug|Any CPU.Build.0 = Debug|Any CPU
		{DE60D9E9-5B08-4F9F-91A2-12A2A5678F12}.Release|Any CPU.ActiveCfg = Release|Any CPU
		{DE60D9E9-5B08-4F9F-91A2-12A2A5678F12}.Release|Any CPU.Build.0 = Release|Any CPU
		{407B3AD6-77E4-4B34-9DC6-E7DF68803B87}.Debug|Any CPU.ActiveCfg = Debug|Any CPU
		{407B3AD6-77E4-4B34-9DC6-E7DF68803B87}.Debug|Any CPU.Build.0 = Debug|Any CPU
		{407B3AD6-77E4-4B34-9DC6-E7DF68803B87}.Release|Any CPU.ActiveCfg = Release|Any CPU
		{407B3AD6-77E4-4B34-9DC6-E7DF68803B87}.Release|Any CPU.Build.0 = Release|Any CPU
		{389B6EBE-3AB5-4A47-98B0-8BD31314E949}.Debug|Any CPU.ActiveCfg = Debug|Any CPU
		{389B6EBE-3AB5-4A47-98B0-8BD31314E949}.Debug|Any CPU.Build.0 = Debug|Any CPU
		{389B6EBE-3AB5-4A47-98B0-8BD31314E949}.Release|Any CPU.ActiveCfg = Release|Any CPU
		{389B6EBE-3AB5-4A47-98B0-8BD31314E949}.Release|Any CPU.Build.0 = Release|Any CPU
		{BB9E9B72-3E9D-4E61-A5F9-62BFBC1A6AF5}.Debug|Any CPU.ActiveCfg = Debug|Any CPU
		{BB9E9B72-3E9D-4E61-A5F9-62BFBC1A6AF5}.Debug|Any CPU.Build.0 = Debug|Any CPU
		{BB9E9B72-3E9D-4E61-A5F9-62BFBC1A6AF5}.Release|Any CPU.ActiveCfg = Release|Any CPU
		{BB9E9B72-3E9D-4E61-A5F9-62BFBC1A6AF5}.Release|Any CPU.Build.0 = Release|Any CPU
	EndGlobalSection
	GlobalSection(SolutionProperties) = preSolution
		HideSolutionNode = FALSE
	EndGlobalSection
	GlobalSection(ExtensibilityGlobals) = postSolution
		SolutionGuid = {B7851731-084C-4F32-B04C-C23F4E2E1ADB}
	EndGlobalSection
EndGlobal
