
Microsoft Visual Studio Solution File, Format Version 12.00
# Visual Studio Version 16
VisualStudioVersion = 16.0.30907.101
MinimumVisualStudioVersion = 10.0.40219.1
Project("{9A19103F-16F7-4668-BE54-9A1E7A4F7556}") = "intro_2", "ConsoleApp1\intro_2.csproj", "{BFA147FA-2B8F-439B-BB54-F72458204472}"
EndProject
Project("{FAE04EC0-301F-11D3-BF4B-00C04F79EFBC}") = "OOP1", "OOP1\OOP1.csproj", "{6B120244-1F15-42BC-9A86-EE973AAF2DFC}"
EndProject
Project("{FAE04EC0-301F-11D3-BF4B-00C04F79EFBC}") = "ClassMetotDemo", "ClassMetotDemo\ClassMetotDemo.csproj", "{9EF940D7-28E7-4B45-AE32-410F0EC0DE3F}"
EndProject
Project("{FAE04EC0-301F-11D3-BF4B-00C04F79EFBC}") = "Collections", "Collections\Collections.csproj", "{E1301018-399A-4247-80E9-B3577C7C9F1C}"
EndProject
Project("{FAE04EC0-301F-11D3-BF4B-00C04F79EFBC}") = "GenericIntro", "GenericIntro\GenericIntro.csproj", "{41913FF3-E7D7-4BCE-B286-7D0880B1D831}"
EndProject
Global
	GlobalSection(SolutionConfigurationPlatforms) = preSolution
		Debug|Any CPU = Debug|Any CPU
		Release|Any CPU = Release|Any CPU
	EndGlobalSection
	GlobalSection(ProjectConfigurationPlatforms) = postSolution
		{BFA147FA-2B8F-439B-BB54-F72458204472}.Debug|Any CPU.ActiveCfg = Debug|Any CPU
		{BFA147FA-2B8F-439B-BB54-F72458204472}.Debug|Any CPU.Build.0 = Debug|Any CPU
		{BFA147FA-2B8F-439B-BB54-F72458204472}.Release|Any CPU.ActiveCfg = Release|Any CPU
		{BFA147FA-2B8F-439B-BB54-F72458204472}.Release|Any CPU.Build.0 = Release|Any CPU
		{6B120244-1F15-42BC-9A86-EE973AAF2DFC}.Debug|Any CPU.ActiveCfg = Debug|Any CPU
		{6B120244-1F15-42BC-9A86-EE973AAF2DFC}.Debug|Any CPU.Build.0 = Debug|Any CPU
		{6B120244-1F15-42BC-9A86-EE973AAF2DFC}.Release|Any CPU.ActiveCfg = Release|Any CPU
		{6B120244-1F15-42BC-9A86-EE973AAF2DFC}.Release|Any CPU.Build.0 = Release|Any CPU
		{9EF940D7-28E7-4B45-AE32-410F0EC0DE3F}.Debug|Any CPU.ActiveCfg = Debug|Any CPU
		{9EF940D7-28E7-4B45-AE32-410F0EC0DE3F}.Debug|Any CPU.Build.0 = Debug|Any CPU
		{9EF940D7-28E7-4B45-AE32-410F0EC0DE3F}.Release|Any CPU.ActiveCfg = Release|Any CPU
		{9EF940D7-28E7-4B45-AE32-410F0EC0DE3F}.Release|Any CPU.Build.0 = Release|Any CPU
		{E1301018-399A-4247-80E9-B3577C7C9F1C}.Debug|Any CPU.ActiveCfg = Debug|Any CPU
		{E1301018-399A-4247-80E9-B3577C7C9F1C}.Debug|Any CPU.Build.0 = Debug|Any CPU
		{E1301018-399A-4247-80E9-B3577C7C9F1C}.Release|Any CPU.ActiveCfg = Release|Any CPU
		{E1301018-399A-4247-80E9-B3577C7C9F1C}.Release|Any CPU.Build.0 = Release|Any CPU
		{41913FF3-E7D7-4BCE-B286-7D0880B1D831}.Debug|Any CPU.ActiveCfg = Debug|Any CPU
		{41913FF3-E7D7-4BCE-B286-7D0880B1D831}.Debug|Any CPU.Build.0 = Debug|Any CPU
		{41913FF3-E7D7-4BCE-B286-7D0880B1D831}.Release|Any CPU.ActiveCfg = Release|Any CPU
		{41913FF3-E7D7-4BCE-B286-7D0880B1D831}.Release|Any CPU.Build.0 = Release|Any CPU
	EndGlobalSection
	GlobalSection(SolutionProperties) = preSolution
		HideSolutionNode = FALSE
	EndGlobalSection
	GlobalSection(ExtensibilityGlobals) = postSolution
		SolutionGuid = {B7851731-084C-4F32-B04C-C23F4E2E1ADB}
	EndGlobalSection
EndGlobal
